// !$*UTF8*$!
{
	archiveVersion = 1;
	classes = {
	};
	objectVersion = 56;
	objects = {

/* Begin PBXBuildFile section */
		981E14BB2A9E999900786125 /* CreateCourseViews.swift in Sources */ = {isa = PBXBuildFile; fileRef = 981E14BA2A9E999900786125 /* CreateCourseViews.swift */; };
		981E14BD2A9E9CBB00786125 /* SelectCourseView.swift in Sources */ = {isa = PBXBuildFile; fileRef = 981E14BC2A9E9CBB00786125 /* SelectCourseView.swift */; };
		981E14BF2A9EC3C500786125 /* Game.swift in Sources */ = {isa = PBXBuildFile; fileRef = 981E14BE2A9EC3C500786125 /* Game.swift */; };
		9840FBB62AA53D380052CB63 /* GameView.swift in Sources */ = {isa = PBXBuildFile; fileRef = 9840FBB52AA53D380052CB63 /* GameView.swift */; };
		988A6A252AA14E3E00DFC73F /* CreatePlayerView.swift in Sources */ = {isa = PBXBuildFile; fileRef = 988A6A242AA14E3E00DFC73F /* CreatePlayerView.swift */; };
		988A6A272AA1588A00DFC73F /* LocationManager.swift in Sources */ = {isa = PBXBuildFile; fileRef = 988A6A262AA1588A00DFC73F /* LocationManager.swift */; };
		98CCB41D2A96B3D400354654 /* Disc_Golf_TrackerApp.swift in Sources */ = {isa = PBXBuildFile; fileRef = 98CCB41C2A96B3D400354654 /* Disc_Golf_TrackerApp.swift */; };
		98CCB41F2A96B3D400354654 /* ContentView.swift in Sources */ = {isa = PBXBuildFile; fileRef = 98CCB41E2A96B3D400354654 /* ContentView.swift */; };
		98CCB4212A96B3D400354654 /* Player.swift in Sources */ = {isa = PBXBuildFile; fileRef = 98CCB4202A96B3D400354654 /* Player.swift */; };
		98CCB4232A96B3D600354654 /* Assets.xcassets in Resources */ = {isa = PBXBuildFile; fileRef = 98CCB4222A96B3D600354654 /* Assets.xcassets */; };
		98CCB4272A96B3D600354654 /* Preview Assets.xcassets in Resources */ = {isa = PBXBuildFile; fileRef = 98CCB4262A96B3D600354654 /* Preview Assets.xcassets */; };
		98CCB4332A96C47E00354654 /* GameSelectionView.swift in Sources */ = {isa = PBXBuildFile; fileRef = 98CCB4322A96C47E00354654 /* GameSelectionView.swift */; };
		98CCB4352A96C4E400354654 /* PlayerListView.swift in Sources */ = {isa = PBXBuildFile; fileRef = 98CCB4342A96C4E400354654 /* PlayerListView.swift */; };
		98DBF9512A9842160063F6AD /* Course.swift in Sources */ = {isa = PBXBuildFile; fileRef = 98DBF9502A9842160063F6AD /* Course.swift */; };
		98F0E9532A990E49007E0948 /* SampleData.swift in Sources */ = {isa = PBXBuildFile; fileRef = 98F0E9522A990E49007E0948 /* SampleData.swift */; };
/* End PBXBuildFile section */

/* Begin PBXFileReference section */
		981E14BA2A9E999900786125 /* CreateCourseViews.swift */ = {isa = PBXFileReference; lastKnownFileType = sourcecode.swift; path = CreateCourseViews.swift; sourceTree = "<group>"; };
		981E14BC2A9E9CBB00786125 /* SelectCourseView.swift */ = {isa = PBXFileReference; lastKnownFileType = sourcecode.swift; path = SelectCourseView.swift; sourceTree = "<group>"; };
		981E14BE2A9EC3C500786125 /* Game.swift */ = {isa = PBXFileReference; lastKnownFileType = sourcecode.swift; path = Game.swift; sourceTree = "<group>"; };
		9840FBB52AA53D380052CB63 /* GameView.swift */ = {isa = PBXFileReference; lastKnownFileType = sourcecode.swift; path = GameView.swift; sourceTree = "<group>"; };
		988A6A242AA14E3E00DFC73F /* CreatePlayerView.swift */ = {isa = PBXFileReference; lastKnownFileType = sourcecode.swift; path = CreatePlayerView.swift; sourceTree = "<group>"; };
		988A6A262AA1588A00DFC73F /* LocationManager.swift */ = {isa = PBXFileReference; lastKnownFileType = sourcecode.swift; path = LocationManager.swift; sourceTree = "<group>"; };
		98CCB4192A96B3D400354654 /* Disc Golf Tracker.app */ = {isa = PBXFileReference; explicitFileType = wrapper.application; includeInIndex = 0; path = "Disc Golf Tracker.app"; sourceTree = BUILT_PRODUCTS_DIR; };
		98CCB41C2A96B3D400354654 /* Disc_Golf_TrackerApp.swift */ = {isa = PBXFileReference; lastKnownFileType = sourcecode.swift; path = Disc_Golf_TrackerApp.swift; sourceTree = "<group>"; };
		98CCB41E2A96B3D400354654 /* ContentView.swift */ = {isa = PBXFileReference; lastKnownFileType = sourcecode.swift; path = ContentView.swift; sourceTree = "<group>"; };
		98CCB4202A96B3D400354654 /* Player.swift */ = {isa = PBXFileReference; lastKnownFileType = sourcecode.swift; path = Player.swift; sourceTree = "<group>"; };
		98CCB4222A96B3D600354654 /* Assets.xcassets */ = {isa = PBXFileReference; lastKnownFileType = folder.assetcatalog; path = Assets.xcassets; sourceTree = "<group>"; };
		98CCB4242A96B3D600354654 /* Disc_Golf_Tracker.entitlements */ = {isa = PBXFileReference; lastKnownFileType = text.plist.entitlements; path = Disc_Golf_Tracker.entitlements; sourceTree = "<group>"; };
		98CCB4262A96B3D600354654 /* Preview Assets.xcassets */ = {isa = PBXFileReference; lastKnownFileType = folder.assetcatalog; path = "Preview Assets.xcassets"; sourceTree = "<group>"; };
		98CCB4282A96B3D600354654 /* Info.plist */ = {isa = PBXFileReference; lastKnownFileType = text.plist.xml; path = Info.plist; sourceTree = "<group>"; };
		98CCB4322A96C47E00354654 /* GameSelectionView.swift */ = {isa = PBXFileReference; lastKnownFileType = sourcecode.swift; path = GameSelectionView.swift; sourceTree = "<group>"; };
		98CCB4342A96C4E400354654 /* PlayerListView.swift */ = {isa = PBXFileReference; lastKnownFileType = sourcecode.swift; path = PlayerListView.swift; sourceTree = "<group>"; };
		98DBF9502A9842160063F6AD /* Course.swift */ = {isa = PBXFileReference; lastKnownFileType = sourcecode.swift; path = Course.swift; sourceTree = "<group>"; };
		98F0E9522A990E49007E0948 /* SampleData.swift */ = {isa = PBXFileReference; lastKnownFileType = sourcecode.swift; path = SampleData.swift; sourceTree = "<group>"; };
/* End PBXFileReference section */

/* Begin PBXFrameworksBuildPhase section */
		98CCB4162A96B3D400354654 /* Frameworks */ = {
			isa = PBXFrameworksBuildPhase;
			buildActionMask = 2147483647;
			files = (
			);
			runOnlyForDeploymentPostprocessing = 0;
		};
/* End PBXFrameworksBuildPhase section */

/* Begin PBXGroup section */
		981E14B82A9E997E00786125 /* Players */ = {
			isa = PBXGroup;
			children = (
				98CCB4342A96C4E400354654 /* PlayerListView.swift */,
				988A6A242AA14E3E00DFC73F /* CreatePlayerView.swift */,
			);
			path = Players;
			sourceTree = "<group>";
		};
		981E14B92A9E998800786125 /* Games */ = {
			isa = PBXGroup;
			children = (
				98CCB4322A96C47E00354654 /* GameSelectionView.swift */,
				981E14BC2A9E9CBB00786125 /* SelectCourseView.swift */,
				981E14BA2A9E999900786125 /* CreateCourseViews.swift */,
				9840FBB52AA53D380052CB63 /* GameView.swift */,
			);
			path = Games;
			sourceTree = "<group>";
		};
		98A0E58D2A96DD4A00E78B93 /* Models */ = {
			isa = PBXGroup;
			children = (
				98CCB4202A96B3D400354654 /* Player.swift */,
				98DBF9502A9842160063F6AD /* Course.swift */,
				981E14BE2A9EC3C500786125 /* Game.swift */,
			);
			path = Models;
			sourceTree = "<group>";
		};
		98CCB4102A96B3D400354654 = {
			isa = PBXGroup;
			children = (
				98CCB41B2A96B3D400354654 /* Disc Golf Tracker */,
				98CCB41A2A96B3D400354654 /* Products */,
			);
			sourceTree = "<group>";
		};
		98CCB41A2A96B3D400354654 /* Products */ = {
			isa = PBXGroup;
			children = (
				98CCB4192A96B3D400354654 /* Disc Golf Tracker.app */,
			);
			name = Products;
			sourceTree = "<group>";
		};
		98CCB41B2A96B3D400354654 /* Disc Golf Tracker */ = {
			isa = PBXGroup;
			children = (
				98A0E58D2A96DD4A00E78B93 /* Models */,
				98CCB42E2A96C43500354654 /* Views */,
				98CCB41C2A96B3D400354654 /* Disc_Golf_TrackerApp.swift */,
				98CCB41E2A96B3D400354654 /* ContentView.swift */,
				98CCB4222A96B3D600354654 /* Assets.xcassets */,
				98CCB4242A96B3D600354654 /* Disc_Golf_Tracker.entitlements */,
				98CCB4282A96B3D600354654 /* Info.plist */,
				98CCB4252A96B3D600354654 /* Preview Content */,
				98F0E9522A990E49007E0948 /* SampleData.swift */,
				988A6A262AA1588A00DFC73F /* LocationManager.swift */,
			);
			path = "Disc Golf Tracker";
			sourceTree = "<group>";
		};
		98CCB4252A96B3D600354654 /* Preview Content */ = {
			isa = PBXGroup;
			children = (
				98CCB4262A96B3D600354654 /* Preview Assets.xcassets */,
			);
			path = "Preview Content";
			sourceTree = "<group>";
		};
		98CCB42E2A96C43500354654 /* Views */ = {
			isa = PBXGroup;
			children = (
				981E14B92A9E998800786125 /* Games */,
				981E14B82A9E997E00786125 /* Players */,
			);
			path = Views;
			sourceTree = "<group>";
		};
/* End PBXGroup section */

/* Begin PBXNativeTarget section */
		98CCB4182A96B3D400354654 /* Disc Golf Tracker */ = {
			isa = PBXNativeTarget;
			buildConfigurationList = 98CCB42B2A96B3D600354654 /* Build configuration list for PBXNativeTarget "Disc Golf Tracker" */;
			buildPhases = (
				98CCB4152A96B3D400354654 /* Sources */,
				98CCB4162A96B3D400354654 /* Frameworks */,
				98CCB4172A96B3D400354654 /* Resources */,
			);
			buildRules = (
			);
			dependencies = (
			);
			name = "Disc Golf Tracker";
			productName = "Disc Golf Tracker";
			productReference = 98CCB4192A96B3D400354654 /* Disc Golf Tracker.app */;
			productType = "com.apple.product-type.application";
		};
/* End PBXNativeTarget section */

/* Begin PBXProject section */
		98CCB4112A96B3D400354654 /* Project object */ = {
			isa = PBXProject;
			attributes = {
				BuildIndependentTargetsInParallel = 1;
				LastSwiftUpdateCheck = 1500;
				LastUpgradeCheck = 1500;
				TargetAttributes = {
					98CCB4182A96B3D400354654 = {
						CreatedOnToolsVersion = 15.0;
					};
				};
			};
			buildConfigurationList = 98CCB4142A96B3D400354654 /* Build configuration list for PBXProject "Disc Golf Tracker" */;
			compatibilityVersion = "Xcode 14.0";
			developmentRegion = en;
			hasScannedForEncodings = 0;
			knownRegions = (
				en,
				Base,
			);
			mainGroup = 98CCB4102A96B3D400354654;
			productRefGroup = 98CCB41A2A96B3D400354654 /* Products */;
			projectDirPath = "";
			projectRoot = "";
			targets = (
				98CCB4182A96B3D400354654 /* Disc Golf Tracker */,
			);
		};
/* End PBXProject section */

/* Begin PBXResourcesBuildPhase section */
		98CCB4172A96B3D400354654 /* Resources */ = {
			isa = PBXResourcesBuildPhase;
			buildActionMask = 2147483647;
			files = (
				98CCB4272A96B3D600354654 /* Preview Assets.xcassets in Resources */,
				98CCB4232A96B3D600354654 /* Assets.xcassets in Resources */,
			);
			runOnlyForDeploymentPostprocessing = 0;
		};
/* End PBXResourcesBuildPhase section */

/* Begin PBXSourcesBuildPhase section */
		98CCB4152A96B3D400354654 /* Sources */ = {
			isa = PBXSourcesBuildPhase;
			buildActionMask = 2147483647;
			files = (
				981E14BB2A9E999900786125 /* CreateCourseViews.swift in Sources */,
				981E14BF2A9EC3C500786125 /* Game.swift in Sources */,
				98DBF9512A9842160063F6AD /* Course.swift in Sources */,
				98F0E9532A990E49007E0948 /* SampleData.swift in Sources */,
				988A6A252AA14E3E00DFC73F /* CreatePlayerView.swift in Sources */,
				98CCB4352A96C4E400354654 /* PlayerListView.swift in Sources */,
				98CCB41F2A96B3D400354654 /* ContentView.swift in Sources */,
				98CCB4332A96C47E00354654 /* GameSelectionView.swift in Sources */,
				988A6A272AA1588A00DFC73F /* LocationManager.swift in Sources */,
				98CCB4212A96B3D400354654 /* Player.swift in Sources */,
				98CCB41D2A96B3D400354654 /* Disc_Golf_TrackerApp.swift in Sources */,
				9840FBB62AA53D380052CB63 /* GameView.swift in Sources */,
				981E14BD2A9E9CBB00786125 /* SelectCourseView.swift in Sources */,
			);
			runOnlyForDeploymentPostprocessing = 0;
		};
/* End PBXSourcesBuildPhase section */

/* Begin XCBuildConfiguration section */
		98CCB4292A96B3D600354654 /* Debug */ = {
			isa = XCBuildConfiguration;
			buildSettings = {
				ALWAYS_SEARCH_USER_PATHS = NO;
				ASSETCATALOG_COMPILER_GENERATE_SWIFT_ASSET_SYMBOL_EXTENSIONS = YES;
				CLANG_ANALYZER_NONNULL = YES;
				CLANG_ANALYZER_NUMBER_OBJECT_CONVERSION = YES_AGGRESSIVE;
				CLANG_CXX_LANGUAGE_STANDARD = "gnu++20";
				CLANG_ENABLE_MODULES = YES;
				CLANG_ENABLE_OBJC_ARC = YES;
				CLANG_ENABLE_OBJC_WEAK = YES;
				CLANG_WARN_BLOCK_CAPTURE_AUTORELEASING = YES;
				CLANG_WARN_BOOL_CONVERSION = YES;
				CLANG_WARN_COMMA = YES;
				CLANG_WARN_CONSTANT_CONVERSION = YES;
				CLANG_WARN_DEPRECATED_OBJC_IMPLEMENTATIONS = YES;
				CLANG_WARN_DIRECT_OBJC_ISA_USAGE = YES_ERROR;
				CLANG_WARN_DOCUMENTATION_COMMENTS = YES;
				CLANG_WARN_EMPTY_BODY = YES;
				CLANG_WARN_ENUM_CONVERSION = YES;
				CLANG_WARN_INFINITE_RECURSION = YES;
				CLANG_WARN_INT_CONVERSION = YES;
				CLANG_WARN_NON_LITERAL_NULL_CONVERSION = YES;
				CLANG_WARN_OBJC_IMPLICIT_RETAIN_SELF = YES;
				CLANG_WARN_OBJC_LITERAL_CONVERSION = YES;
				CLANG_WARN_OBJC_ROOT_CLASS = YES_ERROR;
				CLANG_WARN_QUOTED_INCLUDE_IN_FRAMEWORK_HEADER = YES;
				CLANG_WARN_RANGE_LOOP_ANALYSIS = YES;
				CLANG_WARN_STRICT_PROTOTYPES = YES;
				CLANG_WARN_SUSPICIOUS_MOVE = YES;
				CLANG_WARN_UNGUARDED_AVAILABILITY = YES_AGGRESSIVE;
				CLANG_WARN_UNREACHABLE_CODE = YES;
				CLANG_WARN__DUPLICATE_METHOD_MATCH = YES;
				COPY_PHASE_STRIP = NO;
				DEBUG_INFORMATION_FORMAT = dwarf;
				ENABLE_STRICT_OBJC_MSGSEND = YES;
				ENABLE_TESTABILITY = YES;
				ENABLE_USER_SCRIPT_SANDBOXING = YES;
				GCC_C_LANGUAGE_STANDARD = gnu17;
				GCC_DYNAMIC_NO_PIC = NO;
				GCC_NO_COMMON_BLOCKS = YES;
				GCC_OPTIMIZATION_LEVEL = 0;
				GCC_PREPROCESSOR_DEFINITIONS = (
					"DEBUG=1",
					"$(inherited)",
				);
				GCC_WARN_64_TO_32_BIT_CONVERSION = YES;
				GCC_WARN_ABOUT_RETURN_TYPE = YES_ERROR;
				GCC_WARN_UNDECLARED_SELECTOR = YES;
				GCC_WARN_UNINITIALIZED_AUTOS = YES_AGGRESSIVE;
				GCC_WARN_UNUSED_FUNCTION = YES;
				GCC_WARN_UNUSED_VARIABLE = YES;
				LOCALIZATION_PREFERS_STRING_CATALOGS = YES;
				MTL_ENABLE_DEBUG_INFO = INCLUDE_SOURCE;
				MTL_FAST_MATH = YES;
				ONLY_ACTIVE_ARCH = YES;
				SWIFT_ACTIVE_COMPILATION_CONDITIONS = "DEBUG $(inherited)";
				SWIFT_OPTIMIZATION_LEVEL = "-Onone";
			};
			name = Debug;
		};
		98CCB42A2A96B3D600354654 /* Release */ = {
			isa = XCBuildConfiguration;
			buildSettings = {
				ALWAYS_SEARCH_USER_PATHS = NO;
				ASSETCATALOG_COMPILER_GENERATE_SWIFT_ASSET_SYMBOL_EXTENSIONS = YES;
				CLANG_ANALYZER_NONNULL = YES;
				CLANG_ANALYZER_NUMBER_OBJECT_CONVERSION = YES_AGGRESSIVE;
				CLANG_CXX_LANGUAGE_STANDARD = "gnu++20";
				CLANG_ENABLE_MODULES = YES;
				CLANG_ENABLE_OBJC_ARC = YES;
				CLANG_ENABLE_OBJC_WEAK = YES;
				CLANG_WARN_BLOCK_CAPTURE_AUTORELEASING = YES;
				CLANG_WARN_BOOL_CONVERSION = YES;
				CLANG_WARN_COMMA = YES;
				CLANG_WARN_CONSTANT_CONVERSION = YES;
				CLANG_WARN_DEPRECATED_OBJC_IMPLEMENTATIONS = YES;
				CLANG_WARN_DIRECT_OBJC_ISA_USAGE = YES_ERROR;
				CLANG_WARN_DOCUMENTATION_COMMENTS = YES;
				CLANG_WARN_EMPTY_BODY = YES;
				CLANG_WARN_ENUM_CONVERSION = YES;
				CLANG_WARN_INFINITE_RECURSION = YES;
				CLANG_WARN_INT_CONVERSION = YES;
				CLANG_WARN_NON_LITERAL_NULL_CONVERSION = YES;
				CLANG_WARN_OBJC_IMPLICIT_RETAIN_SELF = YES;
				CLANG_WARN_OBJC_LITERAL_CONVERSION = YES;
				CLANG_WARN_OBJC_ROOT_CLASS = YES_ERROR;
				CLANG_WARN_QUOTED_INCLUDE_IN_FRAMEWORK_HEADER = YES;
				CLANG_WARN_RANGE_LOOP_ANALYSIS = YES;
				CLANG_WARN_STRICT_PROTOTYPES = YES;
				CLANG_WARN_SUSPICIOUS_MOVE = YES;
				CLANG_WARN_UNGUARDED_AVAILABILITY = YES_AGGRESSIVE;
				CLANG_WARN_UNREACHABLE_CODE = YES;
				CLANG_WARN__DUPLICATE_METHOD_MATCH = YES;
				COPY_PHASE_STRIP = NO;
				DEBUG_INFORMATION_FORMAT = "dwarf-with-dsym";
				ENABLE_NS_ASSERTIONS = NO;
				ENABLE_STRICT_OBJC_MSGSEND = YES;
				ENABLE_USER_SCRIPT_SANDBOXING = YES;
				GCC_C_LANGUAGE_STANDARD = gnu17;
				GCC_NO_COMMON_BLOCKS = YES;
				GCC_WARN_64_TO_32_BIT_CONVERSION = YES;
				GCC_WARN_ABOUT_RETURN_TYPE = YES_ERROR;
				GCC_WARN_UNDECLARED_SELECTOR = YES;
				GCC_WARN_UNINITIALIZED_AUTOS = YES_AGGRESSIVE;
				GCC_WARN_UNUSED_FUNCTION = YES;
				GCC_WARN_UNUSED_VARIABLE = YES;
				LOCALIZATION_PREFERS_STRING_CATALOGS = YES;
				MTL_ENABLE_DEBUG_INFO = NO;
				MTL_FAST_MATH = YES;
				SWIFT_COMPILATION_MODE = wholemodule;
			};
			name = Release;
		};
		98CCB42C2A96B3D600354654 /* Debug */ = {
			isa = XCBuildConfiguration;
			buildSettings = {
				ASSETCATALOG_COMPILER_APPICON_NAME = AppIcon;
				ASSETCATALOG_COMPILER_GLOBAL_ACCENT_COLOR_NAME = AccentColor;
				CODE_SIGN_ENTITLEMENTS = "Disc Golf Tracker/Disc_Golf_Tracker.entitlements";
				CODE_SIGN_STYLE = Automatic;
				CURRENT_PROJECT_VERSION = 1;
				DEVELOPMENT_ASSET_PATHS = "\"Disc Golf Tracker/Preview Content\"";
				DEVELOPMENT_TEAM = 28L3G462YX;
				ENABLE_HARDENED_RUNTIME = YES;
				ENABLE_PREVIEWS = YES;
				GENERATE_INFOPLIST_FILE = YES;
				INFOPLIST_FILE = "Disc Golf Tracker/Info.plist";
				"INFOPLIST_KEY_UIApplicationSceneManifest_Generation[sdk=iphoneos*]" = YES;
				"INFOPLIST_KEY_UIApplicationSceneManifest_Generation[sdk=iphonesimulator*]" = YES;
				"INFOPLIST_KEY_UIApplicationSupportsIndirectInputEvents[sdk=iphoneos*]" = YES;
				"INFOPLIST_KEY_UIApplicationSupportsIndirectInputEvents[sdk=iphonesimulator*]" = YES;
				"INFOPLIST_KEY_UILaunchScreen_Generation[sdk=iphoneos*]" = YES;
				"INFOPLIST_KEY_UILaunchScreen_Generation[sdk=iphonesimulator*]" = YES;
				"INFOPLIST_KEY_UIStatusBarStyle[sdk=iphoneos*]" = UIStatusBarStyleDefault;
				"INFOPLIST_KEY_UIStatusBarStyle[sdk=iphonesimulator*]" = UIStatusBarStyleDefault;
				INFOPLIST_KEY_UISupportedInterfaceOrientations_iPad = "UIInterfaceOrientationPortrait UIInterfaceOrientationPortraitUpsideDown UIInterfaceOrientationLandscapeLeft UIInterfaceOrientationLandscapeRight";
				INFOPLIST_KEY_UISupportedInterfaceOrientations_iPhone = "UIInterfaceOrientationPortrait UIInterfaceOrientationLandscapeLeft UIInterfaceOrientationLandscapeRight";
				IPHONEOS_DEPLOYMENT_TARGET = 17.0;
				LD_RUNPATH_SEARCH_PATHS = "@executable_path/Frameworks";
				"LD_RUNPATH_SEARCH_PATHS[sdk=macosx*]" = "@executable_path/../Frameworks";
				MACOSX_DEPLOYMENT_TARGET = 14.0;
				MARKETING_VERSION = 1.0;
				PRODUCT_BUNDLE_IDENTIFIER = "com.justinLawrence.Disc-Golf-Tracker";
				PRODUCT_NAME = "$(TARGET_NAME)";
				SDKROOT = auto;
				SUPPORTED_PLATFORMS = "iphoneos iphonesimulator macosx";
				SWIFT_EMIT_LOC_STRINGS = YES;
				SWIFT_VERSION = 5.0;
				TARGETED_DEVICE_FAMILY = "1,2";
			};
			name = Debug;
		};
		98CCB42D2A96B3D600354654 /* Release */ = {
			isa = XCBuildConfiguration;
			buildSettings = {
				ASSETCATALOG_COMPILER_APPICON_NAME = AppIcon;
				ASSETCATALOG_COMPILER_GLOBAL_ACCENT_COLOR_NAME = AccentColor;
				CODE_SIGN_ENTITLEMENTS = "Disc Golf Tracker/Disc_Golf_Tracker.entitlements";
				CODE_SIGN_STYLE = Automatic;
				CURRENT_PROJECT_VERSION = 1;
				DEVELOPMENT_ASSET_PATHS = "\"Disc Golf Tracker/Preview Content\"";
				DEVELOPMENT_TEAM = 28L3G462YX;
				ENABLE_HARDENED_RUNTIME = YES;
				ENABLE_PREVIEWS = YES;
				GENERATE_INFOPLIST_FILE = YES;
				INFOPLIST_FILE = "Disc Golf Tracker/Info.plist";
				"INFOPLIST_KEY_UIApplicationSceneManifest_Generation[sdk=iphoneos*]" = YES;
				"INFOPLIST_KEY_UIApplicationSceneManifest_Generation[sdk=iphonesimulator*]" = YES;
				"INFOPLIST_KEY_UIApplicationSupportsIndirectInputEvents[sdk=iphoneos*]" = YES;
				"INFOPLIST_KEY_UIApplicationSupportsIndirectInputEvents[sdk=iphonesimulator*]" = YES;
				"INFOPLIST_KEY_UILaunchScreen_Generation[sdk=iphoneos*]" = YES;
				"INFOPLIST_KEY_UILaunchScreen_Generation[sdk=iphonesimulator*]" = YES;
				"INFOPLIST_KEY_UIStatusBarStyle[sdk=iphoneos*]" = UIStatusBarStyleDefault;
				"INFOPLIST_KEY_UIStatusBarStyle[sdk=iphonesimulator*]" = UIStatusBarStyleDefault;
				INFOPLIST_KEY_UISupportedInterfaceOrientations_iPad = "UIInterfaceOrientationPortrait UIInterfaceOrientationPortraitUpsideDown UIInterfaceOrientationLandscapeLeft UIInterfaceOrientationLandscapeRight";
				INFOPLIST_KEY_UISupportedInterfaceOrientations_iPhone = "UIInterfaceOrientationPortrait UIInterfaceOrientationLandscapeLeft UIInterfaceOrientationLandscapeRight";
				IPHONEOS_DEPLOYMENT_TARGET = 17.0;
				LD_RUNPATH_SEARCH_PATHS = "@executable_path/Frameworks";
				"LD_RUNPATH_SEARCH_PATHS[sdk=macosx*]" = "@executable_path/../Frameworks";
				MACOSX_DEPLOYMENT_TARGET = 14.0;
				MARKETING_VERSION = 1.0;
				PRODUCT_BUNDLE_IDENTIFIER = "com.justinLawrence.Disc-Golf-Tracker";
				PRODUCT_NAME = "$(TARGET_NAME)";
				SDKROOT = auto;
				SUPPORTED_PLATFORMS = "iphoneos iphonesimulator macosx";
				SWIFT_EMIT_LOC_STRINGS = YES;
				SWIFT_VERSION = 5.0;
				TARGETED_DEVICE_FAMILY = "1,2";
			};
			name = Release;
		};
/* End XCBuildConfiguration section */

/* Begin XCConfigurationList section */
		98CCB4142A96B3D400354654 /* Build configuration list for PBXProject "Disc Golf Tracker" */ = {
			isa = XCConfigurationList;
			buildConfigurations = (
				98CCB4292A96B3D600354654 /* Debug */,
				98CCB42A2A96B3D600354654 /* Release */,
			);
			defaultConfigurationIsVisible = 0;
			defaultConfigurationName = Release;
		};
		98CCB42B2A96B3D600354654 /* Build configuration list for PBXNativeTarget "Disc Golf Tracker" */ = {
			isa = XCConfigurationList;
			buildConfigurations = (
				98CCB42C2A96B3D600354654 /* Debug */,
				98CCB42D2A96B3D600354654 /* Release */,
			);
			defaultConfigurationIsVisible = 0;
			defaultConfigurationName = Release;
		};
/* End XCConfigurationList section */
	};
	rootObject = 98CCB4112A96B3D400354654 /* Project object */;
}
