// !$*UTF8*$!
{
	archiveVersion = 1;
	classes = {
	};
	objectVersion = 56;
	objects = {

/* Begin PBXBuildFile section */
		9808B5422AB7A0050056C78C /* StateManager.swift in Sources */ = {isa = PBXBuildFile; fileRef = 9808B5412AB7A0050056C78C /* StateManager.swift */; };
		981658A02AB2695A00F4E294 /* Disc_Golf_Tracker_WatchApp.swift in Sources */ = {isa = PBXBuildFile; fileRef = 9816589F2AB2695A00F4E294 /* Disc_Golf_Tracker_WatchApp.swift */; };
		981658A22AB2695A00F4E294 /* ContentView.swift in Sources */ = {isa = PBXBuildFile; fileRef = 981658A12AB2695A00F4E294 /* ContentView.swift */; };
		981658A42AB2695B00F4E294 /* Assets.xcassets in Resources */ = {isa = PBXBuildFile; fileRef = 981658A32AB2695B00F4E294 /* Assets.xcassets */; };
		981658A72AB2695B00F4E294 /* Preview Assets.xcassets in Resources */ = {isa = PBXBuildFile; fileRef = 981658A62AB2695B00F4E294 /* Preview Assets.xcassets */; };
		981658AA2AB2695B00F4E294 /* Disc Golf Tracker Watch Watch App.app in Embed Watch Content */ = {isa = PBXBuildFile; fileRef = 9816589D2AB2695A00F4E294 /* Disc Golf Tracker Watch Watch App.app */; settings = {ATTRIBUTES = (RemoveHeadersOnCopy, ); }; };
		981658AF2AB2698A00F4E294 /* Game.swift in Sources */ = {isa = PBXBuildFile; fileRef = 981E14BE2A9EC3C500786125 /* Game.swift */; };
		981658B02AB2698A00F4E294 /* Player.swift in Sources */ = {isa = PBXBuildFile; fileRef = 98CCB4202A96B3D400354654 /* Player.swift */; };
		981658B12AB2698A00F4E294 /* Course.swift in Sources */ = {isa = PBXBuildFile; fileRef = 98DBF9502A9842160063F6AD /* Course.swift */; };
		981658B22AB269B900F4E294 /* SampleData.swift in Sources */ = {isa = PBXBuildFile; fileRef = 98F0E9522A990E49007E0948 /* SampleData.swift */; };
		981658B62AB26A7500F4E294 /* Extensions.swift in Sources */ = {isa = PBXBuildFile; fileRef = 981658B52AB26A7500F4E294 /* Extensions.swift */; };
		981658B72AB26A7500F4E294 /* Extensions.swift in Sources */ = {isa = PBXBuildFile; fileRef = 981658B52AB26A7500F4E294 /* Extensions.swift */; };
		981658B92AB26AC100F4E294 /* SharePlay.swift in Sources */ = {isa = PBXBuildFile; fileRef = 981658B82AB26AC100F4E294 /* SharePlay.swift */; };
		981658BA2AB26AC100F4E294 /* SharePlay.swift in Sources */ = {isa = PBXBuildFile; fileRef = 981658B82AB26AC100F4E294 /* SharePlay.swift */; };
		981E14BB2A9E999900786125 /* CreateCourseViews.swift in Sources */ = {isa = PBXBuildFile; fileRef = 981E14BA2A9E999900786125 /* CreateCourseViews.swift */; };
		981E14BD2A9E9CBB00786125 /* SelectCourseView.swift in Sources */ = {isa = PBXBuildFile; fileRef = 981E14BC2A9E9CBB00786125 /* SelectCourseView.swift */; };
		981E14BF2A9EC3C500786125 /* Game.swift in Sources */ = {isa = PBXBuildFile; fileRef = 981E14BE2A9EC3C500786125 /* Game.swift */; };
		9840FBB62AA53D380052CB63 /* GameView.swift in Sources */ = {isa = PBXBuildFile; fileRef = 9840FBB52AA53D380052CB63 /* GameView.swift */; };
		986D97312AB3D84900082E1E /* GameView.swift in Sources */ = {isa = PBXBuildFile; fileRef = 986D97302AB3D84900082E1E /* GameView.swift */; };
		986D97332AB3D8FD00082E1E /* CreateGameView.swift in Sources */ = {isa = PBXBuildFile; fileRef = 986D97322AB3D8FD00082E1E /* CreateGameView.swift */; };
		986D97382AB526B900082E1E /* WatchAppDelegate.swift in Sources */ = {isa = PBXBuildFile; fileRef = 986D97372AB526B900082E1E /* WatchAppDelegate.swift */; };
		986D97392AB5278300082E1E /* LocationManager.swift in Sources */ = {isa = PBXBuildFile; fileRef = 988A6A262AA1588A00DFC73F /* LocationManager.swift */; };
		988A6A252AA14E3E00DFC73F /* CreatePlayerView.swift in Sources */ = {isa = PBXBuildFile; fileRef = 988A6A242AA14E3E00DFC73F /* CreatePlayerView.swift */; };
		988A6A272AA1588A00DFC73F /* LocationManager.swift in Sources */ = {isa = PBXBuildFile; fileRef = 988A6A262AA1588A00DFC73F /* LocationManager.swift */; };
		98CCB41D2A96B3D400354654 /* Disc_Golf_TrackerApp.swift in Sources */ = {isa = PBXBuildFile; fileRef = 98CCB41C2A96B3D400354654 /* Disc_Golf_TrackerApp.swift */; };
		98CCB41F2A96B3D400354654 /* ContentView.swift in Sources */ = {isa = PBXBuildFile; fileRef = 98CCB41E2A96B3D400354654 /* ContentView.swift */; };
		98CCB4212A96B3D400354654 /* Player.swift in Sources */ = {isa = PBXBuildFile; fileRef = 98CCB4202A96B3D400354654 /* Player.swift */; };
		98CCB4232A96B3D600354654 /* Assets.xcassets in Resources */ = {isa = PBXBuildFile; fileRef = 98CCB4222A96B3D600354654 /* Assets.xcassets */; };
		98CCB4272A96B3D600354654 /* Preview Assets.xcassets in Resources */ = {isa = PBXBuildFile; fileRef = 98CCB4262A96B3D600354654 /* Preview Assets.xcassets */; };
		98CCB4332A96C47E00354654 /* GameSelectionView.swift in Sources */ = {isa = PBXBuildFile; fileRef = 98CCB4322A96C47E00354654 /* GameSelectionView.swift */; };
		98CCB4352A96C4E400354654 /* PlayerListView.swift in Sources */ = {isa = PBXBuildFile; fileRef = 98CCB4342A96C4E400354654 /* PlayerListView.swift */; };
		98DBF9512A9842160063F6AD /* Course.swift in Sources */ = {isa = PBXBuildFile; fileRef = 98DBF9502A9842160063F6AD /* Course.swift */; };
		98EB17DB2AB77AC1004CDB18 /* ResultsView.swift in Sources */ = {isa = PBXBuildFile; fileRef = 98EB17DA2AB77AC1004CDB18 /* ResultsView.swift */; };
		98EB2A6E2AAE4E0A00FADD5F /* SharePlayActivity.swift in Sources */ = {isa = PBXBuildFile; fileRef = 98EB2A6D2AAE4E0A00FADD5F /* SharePlayActivity.swift */; };
		98EB2A702AAE545B00FADD5F /* AcivitySharingViewController.swift in Sources */ = {isa = PBXBuildFile; fileRef = 98EB2A6F2AAE545B00FADD5F /* AcivitySharingViewController.swift */; };
		98F0E9532A990E49007E0948 /* SampleData.swift in Sources */ = {isa = PBXBuildFile; fileRef = 98F0E9522A990E49007E0948 /* SampleData.swift */; };
		98F96F332AA9532E00FA99A6 /* ResultsView.swift in Sources */ = {isa = PBXBuildFile; fileRef = 98F96F322AA9532E00FA99A6 /* ResultsView.swift */; };
/* End PBXBuildFile section */

/* Begin PBXContainerItemProxy section */
		981658A82AB2695B00F4E294 /* PBXContainerItemProxy */ = {
			isa = PBXContainerItemProxy;
			containerPortal = 98CCB4112A96B3D400354654 /* Project object */;
			proxyType = 1;
			remoteGlobalIDString = 9816589C2AB2695A00F4E294;
			remoteInfo = "Disc Golf Tracker Watch Watch App";
		};
/* End PBXContainerItemProxy section */

/* Begin PBXCopyFilesBuildPhase section */
		981658AB2AB2695B00F4E294 /* Embed Watch Content */ = {
			isa = PBXCopyFilesBuildPhase;
			buildActionMask = 2147483647;
			dstPath = "$(CONTENTS_FOLDER_PATH)/Watch";
			dstSubfolderSpec = 16;
			files = (
				981658AA2AB2695B00F4E294 /* Disc Golf Tracker Watch Watch App.app in Embed Watch Content */,
			);
			name = "Embed Watch Content";
			runOnlyForDeploymentPostprocessing = 0;
		};
/* End PBXCopyFilesBuildPhase section */

/* Begin PBXFileReference section */
		9808B5412AB7A0050056C78C /* StateManager.swift */ = {isa = PBXFileReference; lastKnownFileType = sourcecode.swift; path = StateManager.swift; sourceTree = "<group>"; };
		9816589D2AB2695A00F4E294 /* Disc Golf Tracker Watch Watch App.app */ = {isa = PBXFileReference; explicitFileType = wrapper.application; includeInIndex = 0; path = "Disc Golf Tracker Watch Watch App.app"; sourceTree = BUILT_PRODUCTS_DIR; };
		9816589F2AB2695A00F4E294 /* Disc_Golf_Tracker_WatchApp.swift */ = {isa = PBXFileReference; lastKnownFileType = sourcecode.swift; path = Disc_Golf_Tracker_WatchApp.swift; sourceTree = "<group>"; };
		981658A12AB2695A00F4E294 /* ContentView.swift */ = {isa = PBXFileReference; lastKnownFileType = sourcecode.swift; path = ContentView.swift; sourceTree = "<group>"; };
		981658A32AB2695B00F4E294 /* Assets.xcassets */ = {isa = PBXFileReference; lastKnownFileType = folder.assetcatalog; path = Assets.xcassets; sourceTree = "<group>"; };
		981658A62AB2695B00F4E294 /* Preview Assets.xcassets */ = {isa = PBXFileReference; lastKnownFileType = folder.assetcatalog; path = "Preview Assets.xcassets"; sourceTree = "<group>"; };
		981658B52AB26A7500F4E294 /* Extensions.swift */ = {isa = PBXFileReference; lastKnownFileType = sourcecode.swift; path = Extensions.swift; sourceTree = "<group>"; };
		981658B82AB26AC100F4E294 /* SharePlay.swift */ = {isa = PBXFileReference; lastKnownFileType = sourcecode.swift; path = SharePlay.swift; sourceTree = "<group>"; };
		981658BB2AB26C2700F4E294 /* Disc Golf Tracker Watch Watch App.entitlements */ = {isa = PBXFileReference; lastKnownFileType = text.plist.entitlements; path = "Disc Golf Tracker Watch Watch App.entitlements"; sourceTree = "<group>"; };
		981E14BA2A9E999900786125 /* CreateCourseViews.swift */ = {isa = PBXFileReference; lastKnownFileType = sourcecode.swift; path = CreateCourseViews.swift; sourceTree = "<group>"; };
		981E14BC2A9E9CBB00786125 /* SelectCourseView.swift */ = {isa = PBXFileReference; lastKnownFileType = sourcecode.swift; path = SelectCourseView.swift; sourceTree = "<group>"; };
		981E14BE2A9EC3C500786125 /* Game.swift */ = {isa = PBXFileReference; lastKnownFileType = sourcecode.swift; path = Game.swift; sourceTree = "<group>"; };
		9840FBB52AA53D380052CB63 /* GameView.swift */ = {isa = PBXFileReference; lastKnownFileType = sourcecode.swift; path = GameView.swift; sourceTree = "<group>"; };
		986D97302AB3D84900082E1E /* GameView.swift */ = {isa = PBXFileReference; lastKnownFileType = sourcecode.swift; path = GameView.swift; sourceTree = "<group>"; };
		986D97322AB3D8FD00082E1E /* CreateGameView.swift */ = {isa = PBXFileReference; lastKnownFileType = sourcecode.swift; path = CreateGameView.swift; sourceTree = "<group>"; };
		986D97372AB526B900082E1E /* WatchAppDelegate.swift */ = {isa = PBXFileReference; lastKnownFileType = sourcecode.swift; path = WatchAppDelegate.swift; sourceTree = "<group>"; };
		988A6A242AA14E3E00DFC73F /* CreatePlayerView.swift */ = {isa = PBXFileReference; lastKnownFileType = sourcecode.swift; path = CreatePlayerView.swift; sourceTree = "<group>"; };
		988A6A262AA1588A00DFC73F /* LocationManager.swift */ = {isa = PBXFileReference; lastKnownFileType = sourcecode.swift; path = LocationManager.swift; sourceTree = "<group>"; };
		98CCB4192A96B3D400354654 /* Disc Golf Tracker.app */ = {isa = PBXFileReference; explicitFileType = wrapper.application; includeInIndex = 0; path = "Disc Golf Tracker.app"; sourceTree = BUILT_PRODUCTS_DIR; };
		98CCB41C2A96B3D400354654 /* Disc_Golf_TrackerApp.swift */ = {isa = PBXFileReference; lastKnownFileType = sourcecode.swift; path = Disc_Golf_TrackerApp.swift; sourceTree = "<group>"; };
		98CCB41E2A96B3D400354654 /* ContentView.swift */ = {isa = PBXFileReference; lastKnownFileType = sourcecode.swift; path = ContentView.swift; sourceTree = "<group>"; };
		98CCB4202A96B3D400354654 /* Player.swift */ = {isa = PBXFileReference; lastKnownFileType = sourcecode.swift; path = Player.swift; sourceTree = "<group>"; };
		98CCB4222A96B3D600354654 /* Assets.xcassets */ = {isa = PBXFileReference; lastKnownFileType = folder.assetcatalog; path = Assets.xcassets; sourceTree = "<group>"; };
		98CCB4242A96B3D600354654 /* Disc_Golf_Tracker.entitlements */ = {isa = PBXFileReference; lastKnownFileType = text.plist.entitlements; path = Disc_Golf_Tracker.entitlements; sourceTree = "<group>"; };
		98CCB4262A96B3D600354654 /* Preview Assets.xcassets */ = {isa = PBXFileReference; lastKnownFileType = folder.assetcatalog; path = "Preview Assets.xcassets"; sourceTree = "<group>"; };
		98CCB4282A96B3D600354654 /* Info.plist */ = {isa = PBXFileReference; lastKnownFileType = text.plist.xml; path = Info.plist; sourceTree = "<group>"; };
		98CCB4322A96C47E00354654 /* GameSelectionView.swift */ = {isa = PBXFileReference; lastKnownFileType = sourcecode.swift; path = GameSelectionView.swift; sourceTree = "<group>"; };
		98CCB4342A96C4E400354654 /* PlayerListView.swift */ = {isa = PBXFileReference; lastKnownFileType = sourcecode.swift; path = PlayerListView.swift; sourceTree = "<group>"; };
		98DBF9502A9842160063F6AD /* Course.swift */ = {isa = PBXFileReference; lastKnownFileType = sourcecode.swift; path = Course.swift; sourceTree = "<group>"; };
		98EB17DA2AB77AC1004CDB18 /* ResultsView.swift */ = {isa = PBXFileReference; lastKnownFileType = sourcecode.swift; path = ResultsView.swift; sourceTree = "<group>"; };
		98EB2A6D2AAE4E0A00FADD5F /* SharePlayActivity.swift */ = {isa = PBXFileReference; lastKnownFileType = sourcecode.swift; path = SharePlayActivity.swift; sourceTree = "<group>"; };
		98EB2A6F2AAE545B00FADD5F /* AcivitySharingViewController.swift */ = {isa = PBXFileReference; lastKnownFileType = sourcecode.swift; path = AcivitySharingViewController.swift; sourceTree = "<group>"; };
		98F0E9522A990E49007E0948 /* SampleData.swift */ = {isa = PBXFileReference; lastKnownFileType = sourcecode.swift; path = SampleData.swift; sourceTree = "<group>"; };
		98F96F322AA9532E00FA99A6 /* ResultsView.swift */ = {isa = PBXFileReference; lastKnownFileType = sourcecode.swift; path = ResultsView.swift; sourceTree = "<group>"; };
/* End PBXFileReference section */

/* Begin PBXFrameworksBuildPhase section */
		9816589A2AB2695A00F4E294 /* Frameworks */ = {
			isa = PBXFrameworksBuildPhase;
			buildActionMask = 2147483647;
			files = (
			);
			runOnlyForDeploymentPostprocessing = 0;
		};
		98CCB4162A96B3D400354654 /* Frameworks */ = {
			isa = PBXFrameworksBuildPhase;
			buildActionMask = 2147483647;
			files = (
			);
			runOnlyForDeploymentPostprocessing = 0;
		};
/* End PBXFrameworksBuildPhase section */

/* Begin PBXGroup section */
		9808B5432AB7A65F0056C78C /* Views */ = {
			isa = PBXGroup;
			children = (
				986D97322AB3D8FD00082E1E /* CreateGameView.swift */,
				981658A12AB2695A00F4E294 /* ContentView.swift */,
				986D97302AB3D84900082E1E /* GameView.swift */,
				98EB17DA2AB77AC1004CDB18 /* ResultsView.swift */,
			);
			path = Views;
			sourceTree = "<group>";
		};
		9808B5442AB7A6730056C78C /* Utilites */ = {
			isa = PBXGroup;
			children = (
				9808B5412AB7A0050056C78C /* StateManager.swift */,
				986D97372AB526B900082E1E /* WatchAppDelegate.swift */,
			);
			path = Utilites;
			sourceTree = "<group>";
		};
		9816589E2AB2695A00F4E294 /* Disc Golf Tracker Watch Watch App */ = {
			isa = PBXGroup;
			children = (
				9808B5432AB7A65F0056C78C /* Views */,
				9808B5442AB7A6730056C78C /* Utilites */,
				981658BB2AB26C2700F4E294 /* Disc Golf Tracker Watch Watch App.entitlements */,
				9816589F2AB2695A00F4E294 /* Disc_Golf_Tracker_WatchApp.swift */,
				981658A32AB2695B00F4E294 /* Assets.xcassets */,
				981658A52AB2695B00F4E294 /* Preview Content */,
			);
			path = "Disc Golf Tracker Watch Watch App";
			sourceTree = "<group>";
		};
		981658A52AB2695B00F4E294 /* Preview Content */ = {
			isa = PBXGroup;
			children = (
				981658A62AB2695B00F4E294 /* Preview Assets.xcassets */,
			);
			path = "Preview Content";
			sourceTree = "<group>";
		};
		981658B32AB26A6100F4E294 /* Utilities */ = {
			isa = PBXGroup;
			children = (
				988A6A262AA1588A00DFC73F /* LocationManager.swift */,
				98F0E9522A990E49007E0948 /* SampleData.swift */,
				981658B52AB26A7500F4E294 /* Extensions.swift */,
			);
			path = Utilities;
			sourceTree = "<group>";
		};
		981E14B82A9E997E00786125 /* Players */ = {
			isa = PBXGroup;
			children = (
				98CCB4342A96C4E400354654 /* PlayerListView.swift */,
				988A6A242AA14E3E00DFC73F /* CreatePlayerView.swift */,
			);
			path = Players;
			sourceTree = "<group>";
		};
		981E14B92A9E998800786125 /* Games */ = {
			isa = PBXGroup;
			children = (
				98CCB4322A96C47E00354654 /* GameSelectionView.swift */,
				981E14BC2A9E9CBB00786125 /* SelectCourseView.swift */,
				981E14BA2A9E999900786125 /* CreateCourseViews.swift */,
			);
			path = Games;
			sourceTree = "<group>";
		};
		98A0E58D2A96DD4A00E78B93 /* Models */ = {
			isa = PBXGroup;
			children = (
				98CCB4202A96B3D400354654 /* Player.swift */,
				98DBF9502A9842160063F6AD /* Course.swift */,
				981E14BE2A9EC3C500786125 /* Game.swift */,
				981658B82AB26AC100F4E294 /* SharePlay.swift */,
			);
			path = Models;
			sourceTree = "<group>";
		};
		98CCB4102A96B3D400354654 = {
			isa = PBXGroup;
			children = (
				98CCB41B2A96B3D400354654 /* Disc Golf Tracker */,
				9816589E2AB2695A00F4E294 /* Disc Golf Tracker Watch Watch App */,
				98CCB41A2A96B3D400354654 /* Products */,
			);
			sourceTree = "<group>";
		};
		98CCB41A2A96B3D400354654 /* Products */ = {
			isa = PBXGroup;
			children = (
				98CCB4192A96B3D400354654 /* Disc Golf Tracker.app */,
				9816589D2AB2695A00F4E294 /* Disc Golf Tracker Watch Watch App.app */,
			);
			name = Products;
			sourceTree = "<group>";
		};
		98CCB41B2A96B3D400354654 /* Disc Golf Tracker */ = {
			isa = PBXGroup;
			children = (
				98EB2A6C2AAE4DF800FADD5F /* SharePlay */,
				98A0E58D2A96DD4A00E78B93 /* Models */,
				98CCB42E2A96C43500354654 /* Views */,
				98CCB41C2A96B3D400354654 /* Disc_Golf_TrackerApp.swift */,
				98CCB41E2A96B3D400354654 /* ContentView.swift */,
				98CCB4222A96B3D600354654 /* Assets.xcassets */,
				98CCB4242A96B3D600354654 /* Disc_Golf_Tracker.entitlements */,
				98CCB4282A96B3D600354654 /* Info.plist */,
				98CCB4252A96B3D600354654 /* Preview Content */,
				981658B32AB26A6100F4E294 /* Utilities */,
			);
			path = "Disc Golf Tracker";
			sourceTree = "<group>";
		};
		98CCB4252A96B3D600354654 /* Preview Content */ = {
			isa = PBXGroup;
			children = (
				98CCB4262A96B3D600354654 /* Preview Assets.xcassets */,
			);
			path = "Preview Content";
			sourceTree = "<group>";
		};
		98CCB42E2A96C43500354654 /* Views */ = {
			isa = PBXGroup;
			children = (
				981E14B92A9E998800786125 /* Games */,
				98F96F312AA9531100FA99A6 /* Active Game */,
				981E14B82A9E997E00786125 /* Players */,
			);
			path = Views;
			sourceTree = "<group>";
		};
		98EB2A6C2AAE4DF800FADD5F /* SharePlay */ = {
			isa = PBXGroup;
			children = (
				98EB2A6D2AAE4E0A00FADD5F /* SharePlayActivity.swift */,
				98EB2A6F2AAE545B00FADD5F /* AcivitySharingViewController.swift */,
			);
			path = SharePlay;
			sourceTree = "<group>";
		};
		98F96F312AA9531100FA99A6 /* Active Game */ = {
			isa = PBXGroup;
			children = (
				9840FBB52AA53D380052CB63 /* GameView.swift */,
				98F96F322AA9532E00FA99A6 /* ResultsView.swift */,
			);
			path = "Active Game";
			sourceTree = "<group>";
		};
/* End PBXGroup section */

/* Begin PBXNativeTarget section */
		9816589C2AB2695A00F4E294 /* Disc Golf Tracker Watch Watch App */ = {
			isa = PBXNativeTarget;
			buildConfigurationList = 981658AE2AB2695B00F4E294 /* Build configuration list for PBXNativeTarget "Disc Golf Tracker Watch Watch App" */;
			buildPhases = (
				981658992AB2695A00F4E294 /* Sources */,
				9816589A2AB2695A00F4E294 /* Frameworks */,
				9816589B2AB2695A00F4E294 /* Resources */,
			);
			buildRules = (
			);
			dependencies = (
			);
			name = "Disc Golf Tracker Watch Watch App";
			productName = "Disc Golf Tracker Watch Watch App";
			productReference = 9816589D2AB2695A00F4E294 /* Disc Golf Tracker Watch Watch App.app */;
			productType = "com.apple.product-type.application";
		};
		98CCB4182A96B3D400354654 /* Disc Golf Tracker */ = {
			isa = PBXNativeTarget;
			buildConfigurationList = 98CCB42B2A96B3D600354654 /* Build configuration list for PBXNativeTarget "Disc Golf Tracker" */;
			buildPhases = (
				98CCB4152A96B3D400354654 /* Sources */,
				98CCB4162A96B3D400354654 /* Frameworks */,
				98CCB4172A96B3D400354654 /* Resources */,
				981658AB2AB2695B00F4E294 /* Embed Watch Content */,
			);
			buildRules = (
			);
			dependencies = (
				981658A92AB2695B00F4E294 /* PBXTargetDependency */,
			);
			name = "Disc Golf Tracker";
			productName = "Disc Golf Tracker";
			productReference = 98CCB4192A96B3D400354654 /* Disc Golf Tracker.app */;
			productType = "com.apple.product-type.application";
		};
/* End PBXNativeTarget section */

/* Begin PBXProject section */
		98CCB4112A96B3D400354654 /* Project object */ = {
			isa = PBXProject;
			attributes = {
				BuildIndependentTargetsInParallel = 1;
				LastSwiftUpdateCheck = 1500;
				LastUpgradeCheck = 1500;
				TargetAttributes = {
					9816589C2AB2695A00F4E294 = {
						CreatedOnToolsVersion = 15.0;
					};
					98CCB4182A96B3D400354654 = {
						CreatedOnToolsVersion = 15.0;
					};
				};
			};
			buildConfigurationList = 98CCB4142A96B3D400354654 /* Build configuration list for PBXProject "Disc Golf Tracker" */;
			compatibilityVersion = "Xcode 14.0";
			developmentRegion = en;
			hasScannedForEncodings = 0;
			knownRegions = (
				en,
				Base,
			);
			mainGroup = 98CCB4102A96B3D400354654;
			productRefGroup = 98CCB41A2A96B3D400354654 /* Products */;
			projectDirPath = "";
			projectRoot = "";
			targets = (
				98CCB4182A96B3D400354654 /* Disc Golf Tracker */,
				9816589C2AB2695A00F4E294 /* Disc Golf Tracker Watch Watch App */,
			);
		};
/* End PBXProject section */

/* Begin PBXResourcesBuildPhase section */
		9816589B2AB2695A00F4E294 /* Resources */ = {
			isa = PBXResourcesBuildPhase;
			buildActionMask = 2147483647;
			files = (
				981658A72AB2695B00F4E294 /* Preview Assets.xcassets in Resources */,
				981658A42AB2695B00F4E294 /* Assets.xcassets in Resources */,
			);
			runOnlyForDeploymentPostprocessing = 0;
		};
		98CCB4172A96B3D400354654 /* Resources */ = {
			isa = PBXResourcesBuildPhase;
			buildActionMask = 2147483647;
			files = (
				98CCB4272A96B3D600354654 /* Preview Assets.xcassets in Resources */,
				98CCB4232A96B3D600354654 /* Assets.xcassets in Resources */,
			);
			runOnlyForDeploymentPostprocessing = 0;
		};
/* End PBXResourcesBuildPhase section */

/* Begin PBXSourcesBuildPhase section */
		981658992AB2695A00F4E294 /* Sources */ = {
			isa = PBXSourcesBuildPhase;
			buildActionMask = 2147483647;
			files = (
				986D97382AB526B900082E1E /* WatchAppDelegate.swift in Sources */,
				981658B02AB2698A00F4E294 /* Player.swift in Sources */,
				98EB17DB2AB77AC1004CDB18 /* ResultsView.swift in Sources */,
				9808B5422AB7A0050056C78C /* StateManager.swift in Sources */,
				986D97332AB3D8FD00082E1E /* CreateGameView.swift in Sources */,
				981658B22AB269B900F4E294 /* SampleData.swift in Sources */,
				981658A22AB2695A00F4E294 /* ContentView.swift in Sources */,
				981658B72AB26A7500F4E294 /* Extensions.swift in Sources */,
				986D97312AB3D84900082E1E /* GameView.swift in Sources */,
				981658B12AB2698A00F4E294 /* Course.swift in Sources */,
				986D97392AB5278300082E1E /* LocationManager.swift in Sources */,
				981658BA2AB26AC100F4E294 /* SharePlay.swift in Sources */,
				981658AF2AB2698A00F4E294 /* Game.swift in Sources */,
				981658A02AB2695A00F4E294 /* Disc_Golf_Tracker_WatchApp.swift in Sources */,
			);
			runOnlyForDeploymentPostprocessing = 0;
		};
		98CCB4152A96B3D400354654 /* Sources */ = {
			isa = PBXSourcesBuildPhase;
			buildActionMask = 2147483647;
			files = (
				981E14BB2A9E999900786125 /* CreateCourseViews.swift in Sources */,
				981E14BF2A9EC3C500786125 /* Game.swift in Sources */,
				98DBF9512A9842160063F6AD /* Course.swift in Sources */,
				98F0E9532A990E49007E0948 /* SampleData.swift in Sources */,
				988A6A252AA14E3E00DFC73F /* CreatePlayerView.swift in Sources */,
				98EB2A702AAE545B00FADD5F /* AcivitySharingViewController.swift in Sources */,
				98EB2A6E2AAE4E0A00FADD5F /* SharePlayActivity.swift in Sources */,
				98F96F332AA9532E00FA99A6 /* ResultsView.swift in Sources */,
				98CCB4352A96C4E400354654 /* PlayerListView.swift in Sources */,
				98CCB41F2A96B3D400354654 /* ContentView.swift in Sources */,
				98CCB4332A96C47E00354654 /* GameSelectionView.swift in Sources */,
				988A6A272AA1588A00DFC73F /* LocationManager.swift in Sources */,
				98CCB4212A96B3D400354654 /* Player.swift in Sources */,
				98CCB41D2A96B3D400354654 /* Disc_Golf_TrackerApp.swift in Sources */,
				981658B62AB26A7500F4E294 /* Extensions.swift in Sources */,
				981658B92AB26AC100F4E294 /* SharePlay.swift in Sources */,
				9840FBB62AA53D380052CB63 /* GameView.swift in Sources */,
				981E14BD2A9E9CBB00786125 /* SelectCourseView.swift in Sources */,
			);
			runOnlyForDeploymentPostprocessing = 0;
		};
/* End PBXSourcesBuildPhase section */

/* Begin PBXTargetDependency section */
		981658A92AB2695B00F4E294 /* PBXTargetDependency */ = {
			isa = PBXTargetDependency;
			target = 9816589C2AB2695A00F4E294 /* Disc Golf Tracker Watch Watch App */;
			targetProxy = 981658A82AB2695B00F4E294 /* PBXContainerItemProxy */;
		};
/* End PBXTargetDependency section */

/* Begin XCBuildConfiguration section */
		981658AC2AB2695B00F4E294 /* Debug */ = {
			isa = XCBuildConfiguration;
			buildSettings = {
				ASSETCATALOG_COMPILER_APPICON_NAME = AppIcon;
				ASSETCATALOG_COMPILER_GLOBAL_ACCENT_COLOR_NAME = AccentColor;
				CODE_SIGN_ENTITLEMENTS = "Disc Golf Tracker Watch Watch App/Disc Golf Tracker Watch Watch App.entitlements";
				CODE_SIGN_STYLE = Automatic;
				CURRENT_PROJECT_VERSION = 1;
				DEVELOPMENT_ASSET_PATHS = "\"Disc Golf Tracker Watch Watch App/Preview Content\"";
				DEVELOPMENT_TEAM = 28L3G462YX;
				ENABLE_PREVIEWS = YES;
				GENERATE_INFOPLIST_FILE = YES;
				INFOPLIST_KEY_CFBundleDisplayName = "Disc Golf Tracker Watch";
				INFOPLIST_KEY_NSLocationWhenInUseUsageDescription = "Disc Golf Tracker uses your location to find nearby tees and baskets";
				INFOPLIST_KEY_UISupportedInterfaceOrientations = "UIInterfaceOrientationPortrait UIInterfaceOrientationPortraitUpsideDown";
				INFOPLIST_KEY_WKCompanionAppBundleIdentifier = "com.justinLawrence.Disc-Golf-Tracking";
				INFOPLIST_KEY_WKRunsIndependentlyOfCompanionApp = YES;
				LD_RUNPATH_SEARCH_PATHS = (
					"$(inherited)",
					"@executable_path/Frameworks",
				);
				MARKETING_VERSION = 1.0;
				PRODUCT_BUNDLE_IDENTIFIER = "com.justinLawrence.Disc-Golf-Tracking.watchkitapp";
				PRODUCT_NAME = "$(TARGET_NAME)";
				SDKROOT = watchos;
				SKIP_INSTALL = YES;
				SWIFT_EMIT_LOC_STRINGS = YES;
				SWIFT_VERSION = 5.0;
				TARGETED_DEVICE_FAMILY = 4;
				WATCHOS_DEPLOYMENT_TARGET = 10.0;
			};
			name = Debug;
		};
		981658AD2AB2695B00F4E294 /* Release */ = {
			isa = XCBuildConfiguration;
			buildSettings = {
				ASSETCATALOG_COMPILER_APPICON_NAME = AppIcon;
				ASSETCATALOG_COMPILER_GLOBAL_ACCENT_COLOR_NAME = AccentColor;
				CODE_SIGN_ENTITLEMENTS = "Disc Golf Tracker Watch Watch App/Disc Golf Tracker Watch Watch App.entitlements";
				CODE_SIGN_STYLE = Automatic;
				CURRENT_PROJECT_VERSION = 1;
				DEVELOPMENT_ASSET_PATHS = "\"Disc Golf Tracker Watch Watch App/Preview Content\"";
				DEVELOPMENT_TEAM = 28L3G462YX;
				ENABLE_PREVIEWS = YES;
				GENERATE_INFOPLIST_FILE = YES;
				INFOPLIST_KEY_CFBundleDisplayName = "Disc Golf Tracker Watch";
				INFOPLIST_KEY_NSLocationWhenInUseUsageDescription = "Disc Golf Tracker uses your location to find nearby tees and baskets";
				INFOPLIST_KEY_UISupportedInterfaceOrientations = "UIInterfaceOrientationPortrait UIInterfaceOrientationPortraitUpsideDown";
				INFOPLIST_KEY_WKCompanionAppBundleIdentifier = "com.justinLawrence.Disc-Golf-Tracking";
				INFOPLIST_KEY_WKRunsIndependentlyOfCompanionApp = YES;
				LD_RUNPATH_SEARCH_PATHS = (
					"$(inherited)",
					"@executable_path/Frameworks",
				);
				MARKETING_VERSION = 1.0;
				PRODUCT_BUNDLE_IDENTIFIER = "com.justinLawrence.Disc-Golf-Tracking.watchkitapp";
				PRODUCT_NAME = "$(TARGET_NAME)";
				SDKROOT = watchos;
				SKIP_INSTALL = YES;
				SWIFT_EMIT_LOC_STRINGS = YES;
				SWIFT_VERSION = 5.0;
				TARGETED_DEVICE_FAMILY = 4;
				VALIDATE_PRODUCT = YES;
				WATCHOS_DEPLOYMENT_TARGET = 10.0;
			};
			name = Release;
		};
		98CCB4292A96B3D600354654 /* Debug */ = {
			isa = XCBuildConfiguration;
			buildSettings = {
				ALWAYS_SEARCH_USER_PATHS = NO;
				ASSETCATALOG_COMPILER_GENERATE_SWIFT_ASSET_SYMBOL_EXTENSIONS = YES;
				CLANG_ANALYZER_NONNULL = YES;
				CLANG_ANALYZER_NUMBER_OBJECT_CONVERSION = YES_AGGRESSIVE;
				CLANG_CXX_LANGUAGE_STANDARD = "gnu++20";
				CLANG_ENABLE_MODULES = YES;
				CLANG_ENABLE_OBJC_ARC = YES;
				CLANG_ENABLE_OBJC_WEAK = YES;
				CLANG_WARN_BLOCK_CAPTURE_AUTORELEASING = YES;
				CLANG_WARN_BOOL_CONVERSION = YES;
				CLANG_WARN_COMMA = YES;
				CLANG_WARN_CONSTANT_CONVERSION = YES;
				CLANG_WARN_DEPRECATED_OBJC_IMPLEMENTATIONS = YES;
				CLANG_WARN_DIRECT_OBJC_ISA_USAGE = YES_ERROR;
				CLANG_WARN_DOCUMENTATION_COMMENTS = YES;
				CLANG_WARN_EMPTY_BODY = YES;
				CLANG_WARN_ENUM_CONVERSION = YES;
				CLANG_WARN_INFINITE_RECURSION = YES;
				CLANG_WARN_INT_CONVERSION = YES;
				CLANG_WARN_NON_LITERAL_NULL_CONVERSION = YES;
				CLANG_WARN_OBJC_IMPLICIT_RETAIN_SELF = YES;
				CLANG_WARN_OBJC_LITERAL_CONVERSION = YES;
				CLANG_WARN_OBJC_ROOT_CLASS = YES_ERROR;
				CLANG_WARN_QUOTED_INCLUDE_IN_FRAMEWORK_HEADER = YES;
				CLANG_WARN_RANGE_LOOP_ANALYSIS = YES;
				CLANG_WARN_STRICT_PROTOTYPES = YES;
				CLANG_WARN_SUSPICIOUS_MOVE = YES;
				CLANG_WARN_UNGUARDED_AVAILABILITY = YES_AGGRESSIVE;
				CLANG_WARN_UNREACHABLE_CODE = YES;
				CLANG_WARN__DUPLICATE_METHOD_MATCH = YES;
				COPY_PHASE_STRIP = NO;
				DEBUG_INFORMATION_FORMAT = dwarf;
				ENABLE_STRICT_OBJC_MSGSEND = YES;
				ENABLE_TESTABILITY = YES;
				ENABLE_USER_SCRIPT_SANDBOXING = YES;
				GCC_C_LANGUAGE_STANDARD = gnu17;
				GCC_DYNAMIC_NO_PIC = NO;
				GCC_NO_COMMON_BLOCKS = YES;
				GCC_OPTIMIZATION_LEVEL = 0;
				GCC_PREPROCESSOR_DEFINITIONS = (
					"DEBUG=1",
					"$(inherited)",
				);
				GCC_WARN_64_TO_32_BIT_CONVERSION = YES;
				GCC_WARN_ABOUT_RETURN_TYPE = YES_ERROR;
				GCC_WARN_UNDECLARED_SELECTOR = YES;
				GCC_WARN_UNINITIALIZED_AUTOS = YES_AGGRESSIVE;
				GCC_WARN_UNUSED_FUNCTION = YES;
				GCC_WARN_UNUSED_VARIABLE = YES;
				LOCALIZATION_PREFERS_STRING_CATALOGS = YES;
				MTL_ENABLE_DEBUG_INFO = INCLUDE_SOURCE;
				MTL_FAST_MATH = YES;
				ONLY_ACTIVE_ARCH = YES;
				SWIFT_ACTIVE_COMPILATION_CONDITIONS = "DEBUG $(inherited)";
				SWIFT_OPTIMIZATION_LEVEL = "-Onone";
			};
			name = Debug;
		};
		98CCB42A2A96B3D600354654 /* Release */ = {
			isa = XCBuildConfiguration;
			buildSettings = {
				ALWAYS_SEARCH_USER_PATHS = NO;
				ASSETCATALOG_COMPILER_GENERATE_SWIFT_ASSET_SYMBOL_EXTENSIONS = YES;
				CLANG_ANALYZER_NONNULL = YES;
				CLANG_ANALYZER_NUMBER_OBJECT_CONVERSION = YES_AGGRESSIVE;
				CLANG_CXX_LANGUAGE_STANDARD = "gnu++20";
				CLANG_ENABLE_MODULES = YES;
				CLANG_ENABLE_OBJC_ARC = YES;
				CLANG_ENABLE_OBJC_WEAK = YES;
				CLANG_WARN_BLOCK_CAPTURE_AUTORELEASING = YES;
				CLANG_WARN_BOOL_CONVERSION = YES;
				CLANG_WARN_COMMA = YES;
				CLANG_WARN_CONSTANT_CONVERSION = YES;
				CLANG_WARN_DEPRECATED_OBJC_IMPLEMENTATIONS = YES;
				CLANG_WARN_DIRECT_OBJC_ISA_USAGE = YES_ERROR;
				CLANG_WARN_DOCUMENTATION_COMMENTS = YES;
				CLANG_WARN_EMPTY_BODY = YES;
				CLANG_WARN_ENUM_CONVERSION = YES;
				CLANG_WARN_INFINITE_RECURSION = YES;
				CLANG_WARN_INT_CONVERSION = YES;
				CLANG_WARN_NON_LITERAL_NULL_CONVERSION = YES;
				CLANG_WARN_OBJC_IMPLICIT_RETAIN_SELF = YES;
				CLANG_WARN_OBJC_LITERAL_CONVERSION = YES;
				CLANG_WARN_OBJC_ROOT_CLASS = YES_ERROR;
				CLANG_WARN_QUOTED_INCLUDE_IN_FRAMEWORK_HEADER = YES;
				CLANG_WARN_RANGE_LOOP_ANALYSIS = YES;
				CLANG_WARN_STRICT_PROTOTYPES = YES;
				CLANG_WARN_SUSPICIOUS_MOVE = YES;
				CLANG_WARN_UNGUARDED_AVAILABILITY = YES_AGGRESSIVE;
				CLANG_WARN_UNREACHABLE_CODE = YES;
				CLANG_WARN__DUPLICATE_METHOD_MATCH = YES;
				COPY_PHASE_STRIP = NO;
				DEBUG_INFORMATION_FORMAT = "dwarf-with-dsym";
				ENABLE_NS_ASSERTIONS = NO;
				ENABLE_STRICT_OBJC_MSGSEND = YES;
				ENABLE_USER_SCRIPT_SANDBOXING = YES;
				GCC_C_LANGUAGE_STANDARD = gnu17;
				GCC_NO_COMMON_BLOCKS = YES;
				GCC_WARN_64_TO_32_BIT_CONVERSION = YES;
				GCC_WARN_ABOUT_RETURN_TYPE = YES_ERROR;
				GCC_WARN_UNDECLARED_SELECTOR = YES;
				GCC_WARN_UNINITIALIZED_AUTOS = YES_AGGRESSIVE;
				GCC_WARN_UNUSED_FUNCTION = YES;
				GCC_WARN_UNUSED_VARIABLE = YES;
				LOCALIZATION_PREFERS_STRING_CATALOGS = YES;
				MTL_ENABLE_DEBUG_INFO = NO;
				MTL_FAST_MATH = YES;
				SWIFT_COMPILATION_MODE = wholemodule;
			};
			name = Release;
		};
		98CCB42C2A96B3D600354654 /* Debug */ = {
			isa = XCBuildConfiguration;
			buildSettings = {
				ALWAYS_EMBED_SWIFT_STANDARD_LIBRARIES = YES;
				ASSETCATALOG_COMPILER_APPICON_NAME = AppIcon;
				ASSETCATALOG_COMPILER_GLOBAL_ACCENT_COLOR_NAME = AccentColor;
				CODE_SIGN_ENTITLEMENTS = "Disc Golf Tracker/Disc_Golf_Tracker.entitlements";
				CODE_SIGN_STYLE = Automatic;
				CURRENT_PROJECT_VERSION = 1;
				DEVELOPMENT_ASSET_PATHS = "\"Disc Golf Tracker/Preview Content\"";
				DEVELOPMENT_TEAM = 28L3G462YX;
				ENABLE_HARDENED_RUNTIME = YES;
				ENABLE_PREVIEWS = YES;
				GENERATE_INFOPLIST_FILE = YES;
				INFOPLIST_FILE = "Disc Golf Tracker/Info.plist";
				INFOPLIST_KEY_NSLocationWhenInUseUsageDescription = "Disc Golf Tracker needs your location to determine the closest course";
				"INFOPLIST_KEY_UIApplicationSceneManifest_Generation[sdk=iphoneos*]" = YES;
				"INFOPLIST_KEY_UIApplicationSceneManifest_Generation[sdk=iphonesimulator*]" = YES;
				"INFOPLIST_KEY_UIApplicationSupportsIndirectInputEvents[sdk=iphoneos*]" = YES;
				"INFOPLIST_KEY_UIApplicationSupportsIndirectInputEvents[sdk=iphonesimulator*]" = YES;
				"INFOPLIST_KEY_UILaunchScreen_Generation[sdk=iphoneos*]" = YES;
				"INFOPLIST_KEY_UILaunchScreen_Generation[sdk=iphonesimulator*]" = YES;
				"INFOPLIST_KEY_UIStatusBarStyle[sdk=iphoneos*]" = UIStatusBarStyleDefault;
				"INFOPLIST_KEY_UIStatusBarStyle[sdk=iphonesimulator*]" = UIStatusBarStyleDefault;
				INFOPLIST_KEY_UISupportedInterfaceOrientations_iPad = "UIInterfaceOrientationPortrait UIInterfaceOrientationPortraitUpsideDown UIInterfaceOrientationLandscapeLeft UIInterfaceOrientationLandscapeRight";
				INFOPLIST_KEY_UISupportedInterfaceOrientations_iPhone = "UIInterfaceOrientationPortrait UIInterfaceOrientationLandscapeLeft UIInterfaceOrientationLandscapeRight";
				IPHONEOS_DEPLOYMENT_TARGET = 17.0;
				LD_RUNPATH_SEARCH_PATHS = "@executable_path/Frameworks";
				"LD_RUNPATH_SEARCH_PATHS[sdk=macosx*]" = "@executable_path/../Frameworks";
				MACOSX_DEPLOYMENT_TARGET = 14.0;
				MARKETING_VERSION = 1.0;
				PRODUCT_BUNDLE_IDENTIFIER = "com.justinLawrence.Disc-Golf-Tracking";
				PRODUCT_NAME = "$(TARGET_NAME)";
				SDKROOT = auto;
				SUPPORTED_PLATFORMS = "iphoneos iphonesimulator macosx";
				SUPPORTS_MACCATALYST = NO;
				SWIFT_EMIT_LOC_STRINGS = YES;
				SWIFT_VERSION = 5.0;
				TARGETED_DEVICE_FAMILY = 1;
			};
			name = Debug;
		};
		98CCB42D2A96B3D600354654 /* Release */ = {
			isa = XCBuildConfiguration;
			buildSettings = {
				ALWAYS_EMBED_SWIFT_STANDARD_LIBRARIES = YES;
				ASSETCATALOG_COMPILER_APPICON_NAME = AppIcon;
				ASSETCATALOG_COMPILER_GLOBAL_ACCENT_COLOR_NAME = AccentColor;
				CODE_SIGN_ENTITLEMENTS = "Disc Golf Tracker/Disc_Golf_Tracker.entitlements";
				CODE_SIGN_STYLE = Automatic;
				CURRENT_PROJECT_VERSION = 1;
				DEVELOPMENT_ASSET_PATHS = "\"Disc Golf Tracker/Preview Content\"";
				DEVELOPMENT_TEAM = 28L3G462YX;
				ENABLE_HARDENED_RUNTIME = YES;
				ENABLE_PREVIEWS = YES;
				GENERATE_INFOPLIST_FILE = YES;
				INFOPLIST_FILE = "Disc Golf Tracker/Info.plist";
				INFOPLIST_KEY_NSLocationWhenInUseUsageDescription = "Disc Golf Tracker needs your location to determine the closest course";
				"INFOPLIST_KEY_UIApplicationSceneManifest_Generation[sdk=iphoneos*]" = YES;
				"INFOPLIST_KEY_UIApplicationSceneManifest_Generation[sdk=iphonesimulator*]" = YES;
				"INFOPLIST_KEY_UIApplicationSupportsIndirectInputEvents[sdk=iphoneos*]" = YES;
				"INFOPLIST_KEY_UIApplicationSupportsIndirectInputEvents[sdk=iphonesimulator*]" = YES;
				"INFOPLIST_KEY_UILaunchScreen_Generation[sdk=iphoneos*]" = YES;
				"INFOPLIST_KEY_UILaunchScreen_Generation[sdk=iphonesimulator*]" = YES;
				"INFOPLIST_KEY_UIStatusBarStyle[sdk=iphoneos*]" = UIStatusBarStyleDefault;
				"INFOPLIST_KEY_UIStatusBarStyle[sdk=iphonesimulator*]" = UIStatusBarStyleDefault;
				INFOPLIST_KEY_UISupportedInterfaceOrientations_iPad = "UIInterfaceOrientationPortrait UIInterfaceOrientationPortraitUpsideDown UIInterfaceOrientationLandscapeLeft UIInterfaceOrientationLandscapeRight";
				INFOPLIST_KEY_UISupportedInterfaceOrientations_iPhone = "UIInterfaceOrientationPortrait UIInterfaceOrientationLandscapeLeft UIInterfaceOrientationLandscapeRight";
				IPHONEOS_DEPLOYMENT_TARGET = 17.0;
				LD_RUNPATH_SEARCH_PATHS = "@executable_path/Frameworks";
				"LD_RUNPATH_SEARCH_PATHS[sdk=macosx*]" = "@executable_path/../Frameworks";
				MACOSX_DEPLOYMENT_TARGET = 14.0;
				MARKETING_VERSION = 1.0;
				PRODUCT_BUNDLE_IDENTIFIER = "com.justinLawrence.Disc-Golf-Tracking";
				PRODUCT_NAME = "$(TARGET_NAME)";
				SDKROOT = auto;
				SUPPORTED_PLATFORMS = "iphoneos iphonesimulator macosx";
				SUPPORTS_MACCATALYST = NO;
				SWIFT_EMIT_LOC_STRINGS = YES;
				SWIFT_VERSION = 5.0;
				TARGETED_DEVICE_FAMILY = 1;
			};
			name = Release;
		};
/* End XCBuildConfiguration section */

/* Begin XCConfigurationList section */
		981658AE2AB2695B00F4E294 /* Build configuration list for PBXNativeTarget "Disc Golf Tracker Watch Watch App" */ = {
			isa = XCConfigurationList;
			buildConfigurations = (
				981658AC2AB2695B00F4E294 /* Debug */,
				981658AD2AB2695B00F4E294 /* Release */,
			);
			defaultConfigurationIsVisible = 0;
			defaultConfigurationName = Release;
		};
		98CCB4142A96B3D400354654 /* Build configuration list for PBXProject "Disc Golf Tracker" */ = {
			isa = XCConfigurationList;
			buildConfigurations = (
				98CCB4292A96B3D600354654 /* Debug */,
				98CCB42A2A96B3D600354654 /* Release */,
			);
			defaultConfigurationIsVisible = 0;
			defaultConfigurationName = Release;
		};
		98CCB42B2A96B3D600354654 /* Build configuration list for PBXNativeTarget "Disc Golf Tracker" */ = {
			isa = XCConfigurationList;
			buildConfigurations = (
				98CCB42C2A96B3D600354654 /* Debug */,
				98CCB42D2A96B3D600354654 /* Release */,
			);
			defaultConfigurationIsVisible = 0;
			defaultConfigurationName = Release;
		};
/* End XCConfigurationList section */
	};
	rootObject = 98CCB4112A96B3D400354654 /* Project object */;
}
